{
  "name": "@ratehub/eslint-config-react",
  "version": "0.9.1",
  "lockfileVersion": 1,
  "requires": true,
  "dependencies": {
    "eslint-plugin-jsx-control-statements": {
      "version": "2.2.1",
      "resolved": "https://registry.npmjs.org/eslint-plugin-jsx-control-statements/-/eslint-plugin-jsx-control-statements-2.2.1.tgz",
      "integrity": "sha512-BkqbYSu7KuOwsmxmmD9mi1KLz3cAXqXvDSN/Re+yKnIAO6SGRAx3aiUmsjOWAAGJonfhtNZCCTN9jfzQ5hto+Q==",
      "dev": true
    }
  }
}
